{
  "version": 1,
  "dependencies": {
    ".NETStandard,Version=v2.1": {
      "assembly-csharp": {
        "type": "Project",
        "dependencies": {
          "Assembly-CSharp-firstpass": "[1.0.0, )",
          "Coffee.SoftMaskForUGUI": "[1.0.0, )",
          "ConditionalExpression": "[1.0.0, )",
          "GalaxyCSharp": "[1.0.0, )",
          "Newtonsoft.Json": "[1.0.0, )",
          "Newtonsoft.Json.UnityConverters": "[1.0.0, )",
          "PlayMaker": "[1.0.0, )",
          "SharpDX.DirectInput": "[1.0.0, )",
          "TeamCherry.BuildBot": "[1.0.0, )",
          "TeamCherry.Cinematics": "[1.0.0, )",
          "TeamCherry.Localization": "[1.0.0, )",
          "TeamCherry.NestedFadeGroup": "[1.0.0, )",
          "TeamCherry.SharedUtils": "[1.0.0, )",
          "TeamCherry.Splines": "[1.0.0, )",
          "TeamCherry.TK2D": "[1.0.0, )",
          "Unity.Addressables": "[1.0.0, )",
          "Unity.InputSystem": "[1.0.0, )",
          "Unity.ResourceManager": "[1.0.0, )",
          "UnityEngine.AIModule": "[1.0.0, )",
          "UnityEngine.AnimationModule": "[1.0.0, )",
          "UnityEngine.AudioModule": "[1.0.0, )",
          "UnityEngine.CoreModule": "[1.0.0, )",
          "UnityEngine.DirectorModule": "[1.0.0, )",
          "UnityEngine.IMGUIModule": "[1.0.0, )",
          "UnityEngine.ImageConversionModule": "[1.0.0, )",
          "UnityEngine.InputLegacyModule": "[1.0.0, )",
          "UnityEngine.JSONSerializeModule": "[1.0.0, )",
          "UnityEngine.ParticleSystemModule": "[1.0.0, )",
          "UnityEngine.Physics2DModule": "[1.0.0, )",
          "UnityEngine.PhysicsModule": "[1.0.0, )",
          "UnityEngine.ScreenCaptureModule": "[1.0.0, )",
          "UnityEngine.SpriteMaskModule": "[1.0.0, )",
          "UnityEngine.TextRenderingModule": "[1.0.0, )",
          "UnityEngine.UI": "[1.0.0, )",
          "UnityEngine.UIElementsModule": "[1.0.0, )",
          "UnityEngine.UIModule": "[1.0.0, )",
          "UnityEngine.UnityWebRequestModule": "[1.0.0, )",
          "UnityEngine.UnityWebRequestTextureModule": "[1.0.0, )",
          "UnityEngine.VideoModule": "[1.0.0, )",
          "UnityEngine.WindModule": "[1.0.0, )",
          "XGamingRuntime": "[1.0.0, )",
          "com.rlabrecque.steamworks.net": "[1.0.0, )"
        }
      },
      "assembly-csharp-firstpass": {
        "type": "Project",
        "dependencies": {
          "GalaxyCSharp": "[1.0.0, )",
          "UnityEngine.AudioModule": "[1.0.0, )",
          "UnityEngine.CoreModule": "[1.0.0, )",
          "UnityEngine.PhysicsModule": "[1.0.0, )",
          "UnityEngine.UI": "[1.0.0, )"
        }
      },
      "coffee.softmaskforugui": {
        "type": "Project",
        "dependencies": {
          "UnityEngine.CoreModule": "[1.0.0, )",
          "UnityEngine.UI": "[1.0.0, )",
          "UnityEngine.UIModule": "[1.0.0, )"
        }
      },
      "com.rlabrecque.steamworks.net": {
        "type": "Project",
        "dependencies": {
          "UnityEngine.CoreModule": "[1.0.0, )"
        }
      },
      "conditionalexpression": {
        "type": "Project",
        "dependencies": {
          "PlayMaker": "[1.0.0, )",
          "UnityEngine": "[1.0.0, )"
        }
      },
      "galaxycsharp": {
        "type": "Project"
      },
      "newtonsoft.json": {
        "type": "Project"
      },
      "newtonsoft.json.unityconverters": {
        "type": "Project",
        "dependencies": {
          "Newtonsoft.Json": "[1.0.0, )",
          "UnityEngine.AIModule": "[1.0.0, )",
          "UnityEngine.CoreModule": "[1.0.0, )",
          "UnityEngine.Physics2DModule": "[1.0.0, )",
          "UnityEngine.PhysicsModule": "[1.0.0, )"
        }
      },
      "playmaker": {
        "type": "Project",
        "dependencies": {
          "UnityEngine.CoreModule": "[1.0.0, )",
          "UnityEngine.IMGUIModule": "[1.0.0, )",
          "UnityEngine.InputLegacyModule": "[1.0.0, )",
          "UnityEngine.Physics2DModule": "[1.0.0, )",
          "UnityEngine.PhysicsModule": "[1.0.0, )",
          "UnityEngine.TextRenderingModule": "[1.0.0, )"
        }
      },
      "sharpdx": {
        "type": "Project"
      },
      "sharpdx.directinput": {
        "type": "Project",
        "dependencies": {
          "SharpDX": "[1.0.0, )",
          "System.Collections": "[1.0.0, )",
          "System.Globalization": "[1.0.0, )",
          "System.Reflection": "[1.0.0, )",
          "System.Runtime.InteropServices": "[1.0.0, )"
        }
      },
      "system.collections": {
        "type": "Project"
      },
      "system.globalization": {
        "type": "Project"
      },
      "system.reflection": {
        "type": "Project"
      },
      "system.runtime.interopservices": {
        "type": "Project"
      },
      "teamcherry.buildbot": {
        "type": "Project",
        "dependencies": {
          "UnityEngine.CoreModule": "[1.0.0, )",
          "UnityEngine.JSONSerializeModule": "[1.0.0, )"
        }
      },
      "teamcherry.cinematics": {
        "type": "Project",
        "dependencies": {
          "UnityEngine.AudioModule": "[1.0.0, )",
          "UnityEngine.CoreModule": "[1.0.0, )",
          "UnityEngine.VideoModule": "[1.0.0, )"
        }
      },
      "teamcherry.localization": {
        "type": "Project",
        "dependencies": {
          "PlayMaker": "[1.0.0, )",
          "TeamCherry.SharedUtils": "[1.0.0, )",
          "UnityEngine.CoreModule": "[1.0.0, )",
          "UnityEngine.TextRenderingModule": "[1.0.0, )"
        }
      },
      "teamcherry.nestedfadegroup": {
        "type": "Project",
        "dependencies": {
          "PlayMaker": "[1.0.0, )",
          "TeamCherry.SharedUtils": "[1.0.0, )",
          "TeamCherry.TK2D": "[1.0.0, )",
          "UnityEngine.CoreModule": "[1.0.0, )",
          "UnityEngine.ParticleSystemModule": "[1.0.0, )",
          "UnityEngine.TextRenderingModule": "[1.0.0, )",
          "UnityEngine.UIModule": "[1.0.0, )"
        }
      },
      "teamcherry.sharedutils": {
        "type": "Project",
        "dependencies": {
          "PlayMaker": "[1.0.0, )",
          "UnityEngine.CoreModule": "[1.0.0, )",
          "UnityEngine.ParticleSystemModule": "[1.0.0, )"
        }
      },
      "teamcherry.splines": {
        "type": "Project",
        "dependencies": {
          "TeamCherry.SharedUtils": "[1.0.0, )",
          "Unity.Burst": "[1.0.0, )",
          "Unity.Mathematics": "[1.0.0, )",
          "UnityEngine.CoreModule": "[1.0.0, )",
          "UnityEngine.Physics2DModule": "[1.0.0, )"
        }
      },
      "teamcherry.tk2d": {
        "type": "Project",
        "dependencies": {
          "TeamCherry.SharedUtils": "[1.0.0, )",
          "UnityEngine.AudioModule": "[1.0.0, )",
          "UnityEngine.CoreModule": "[1.0.0, )",
          "UnityEngine.ImageConversionModule": "[1.0.0, )",
          "UnityEngine.InputLegacyModule": "[1.0.0, )",
          "UnityEngine.Physics2DModule": "[1.0.0, )",
          "UnityEngine.PhysicsModule": "[1.0.0, )",
          "UnityEngine.TextRenderingModule": "[1.0.0, )"
        }
      },
      "unity.addressables": {
        "type": "Project",
        "dependencies": {
          "Unity.ResourceManager": "[1.0.0, )",
          "UnityEngine.AssetBundleModule": "[1.0.0, )",
          "UnityEngine.CoreModule": "[1.0.0, )",
          "UnityEngine.JSONSerializeModule": "[1.0.0, )",
          "UnityEngine.UnityWebRequestAssetBundleModule": "[1.0.0, )",
          "UnityEngine.UnityWebRequestModule": "[1.0.0, )"
        }
      },
      "unity.burst": {
        "type": "Project",
        "dependencies": {
          "Unity.Burst.Unsafe": "[1.0.0, )",
          "UnityEngine.CoreModule": "[1.0.0, )"
        }
      },
      "unity.burst.unsafe": {
        "type": "Project"
      },
      "unity.inputsystem": {
        "type": "Project",
        "dependencies": {
          "UnityEngine.CoreModule": "[1.0.0, )",
          "UnityEngine.InputModule": "[1.0.0, )",
          "UnityEngine.JSONSerializeModule": "[1.0.0, )",
          "UnityEngine.Physics2DModule": "[1.0.0, )",
          "UnityEngine.PhysicsModule": "[1.0.0, )",
          "UnityEngine.UI": "[1.0.0, )",
          "UnityEngine.UIElementsModule": "[1.0.0, )",
          "UnityEngine.UIModule": "[1.0.0, )",
          "UnityEngine.VRModule": "[1.0.0, )",
          "UnityEngine.XRModule": "[1.0.0, )"
        }
      },
      "unity.mathematics": {
        "type": "Project",
        "dependencies": {
          "UnityEngine.CoreModule": "[1.0.0, )"
        }
      },
      "unity.profiling.core": {
        "type": "Project",
        "dependencies": {
          "UnityEngine.CoreModule": "[1.0.0, )"
        }
      },
      "unity.resourcemanager": {
        "type": "Project",
        "dependencies": {
          "Unity.Profiling.Core": "[1.0.0, )",
          "UnityEngine.AssetBundleModule": "[1.0.0, )",
          "UnityEngine.CoreModule": "[1.0.0, )",
          "UnityEngine.JSONSerializeModule": "[1.0.0, )",
          "UnityEngine.UnityWebRequestAssetBundleModule": "[1.0.0, )",
          "UnityEngine.UnityWebRequestModule": "[1.0.0, )"
        }
      },
      "unityengine": {
        "type": "Project",
        "dependencies": {
          "UnityEngine.AIModule": "[1.0.0, )",
          "UnityEngine.AMDModule": "[1.0.0, )",
          "UnityEngine.ARModule": "[1.0.0, )",
          "UnityEngine.AccessibilityModule": "[1.0.0, )",
          "UnityEngine.AndroidJNIModule": "[1.0.0, )",
          "UnityEngine.AnimationModule": "[1.0.0, )",
          "UnityEngine.AssetBundleModule": "[1.0.0, )",
          "UnityEngine.AudioModule": "[1.0.0, )",
          "UnityEngine.ClothModule": "[1.0.0, )",
          "UnityEngine.ClusterInputModule": "[1.0.0, )",
          "UnityEngine.ClusterRendererModule": "[1.0.0, )",
          "UnityEngine.ContentLoadModule": "[1.0.0, )",
          "UnityEngine.CoreModule": "[1.0.0, )",
          "UnityEngine.CrashReportingModule": "[1.0.0, )",
          "UnityEngine.DSPGraphModule": "[1.0.0, )",
          "UnityEngine.DirectorModule": "[1.0.0, )",
          "UnityEngine.GameCenterModule": "[1.0.0, )",
          "UnityEngine.GridModule": "[1.0.0, )",
          "UnityEngine.HierarchyCoreModule": "[1.0.0, )",
          "UnityEngine.IMGUIModule": "[1.0.0, )",
          "UnityEngine.ImageConversionModule": "[1.0.0, )",
          "UnityEngine.InputForUIModule": "[1.0.0, )",
          "UnityEngine.InputLegacyModule": "[1.0.0, )",
          "UnityEngine.InputModule": "[1.0.0, )",
          "UnityEngine.JSONSerializeModule": "[1.0.0, )",
          "UnityEngine.LocalizationModule": "[1.0.0, )",
          "UnityEngine.MarshallingModule": "[1.0.0, )",
          "UnityEngine.MultiplayerModule": "[1.0.0, )",
          "UnityEngine.NVIDIAModule": "[1.0.0, )",
          "UnityEngine.ParticleSystemModule": "[1.0.0, )",
          "UnityEngine.PerformanceReportingModule": "[1.0.0, )",
          "UnityEngine.Physics2DModule": "[1.0.0, )",
          "UnityEngine.PhysicsModule": "[1.0.0, )",
          "UnityEngine.PropertiesModule": "[1.0.0, )",
          "UnityEngine.ScreenCaptureModule": "[1.0.0, )",
          "UnityEngine.SharedInternalsModule": "[1.0.0, )",
          "UnityEngine.SpriteMaskModule": "[1.0.0, )",
          "UnityEngine.SpriteShapeModule": "[1.0.0, )",
          "UnityEngine.StreamingModule": "[1.0.0, )",
          "UnityEngine.SubsystemsModule": "[1.0.0, )",
          "UnityEngine.TLSModule": "[1.0.0, )",
          "UnityEngine.TerrainModule": "[1.0.0, )",
          "UnityEngine.TerrainPhysicsModule": "[1.0.0, )",
          "UnityEngine.TextCoreFontEngineModule": "[1.0.0, )",
          "UnityEngine.TextCoreTextEngineModule": "[1.0.0, )",
          "UnityEngine.TextRenderingModule": "[1.0.0, )",
          "UnityEngine.TilemapModule": "[1.0.0, )",
          "UnityEngine.UIElementsModule": "[1.0.0, )",
          "UnityEngine.UIModule": "[1.0.0, )",
          "UnityEngine.UnityAnalyticsCommonModule": "[1.0.0, )",
          "UnityEngine.UnityAnalyticsModule": "[1.0.0, )",
          "UnityEngine.UnityConnectModule": "[1.0.0, )",
          "UnityEngine.UnityCurlModule": "[1.0.0, )",
          "UnityEngine.UnityWebRequestAssetBundleModule": "[1.0.0, )",
          "UnityEngine.UnityWebRequestAudioModule": "[1.0.0, )",
          "UnityEngine.UnityWebRequestModule": "[1.0.0, )",
          "UnityEngine.UnityWebRequestTextureModule": "[1.0.0, )",
          "UnityEngine.UnityWebRequestWWWModule": "[1.0.0, )",
          "UnityEngine.VFXModule": "[1.0.0, )",
          "UnityEngine.VRModule": "[1.0.0, )",
          "UnityEngine.VehiclesModule": "[1.0.0, )",
          "UnityEngine.VideoModule": "[1.0.0, )",
          "UnityEngine.VirtualTexturingModule": "[1.0.0, )",
          "UnityEngine.WindModule": "[1.0.0, )",
          "UnityEngine.XRModule": "[1.0.0, )"
        }
      },
      "unityengine.accessibilitymodule": {
        "type": "Project",
        "dependencies": {
          "UnityEngine.CoreModule": "[1.0.0, )",
          "UnityEngine.SharedInternalsModule": "[1.0.0, )"
        }
      },
      "unityengine.aimodule": {
        "type": "Project",
        "dependencies": {
          "UnityEngine.CoreModule": "[1.0.0, )",
          "UnityEngine.SharedInternalsModule": "[1.0.0, )"
        }
      },
      "unityengine.amdmodule": {
        "type": "Project",
        "dependencies": {
          "UnityEngine.CoreModule": "[1.0.0, )",
          "UnityEngine.SharedInternalsModule": "[1.0.0, )"
        }
      },
      "unityengine.androidjnimodule": {
        "type": "Project",
        "dependencies": {
          "UnityEngine.CoreModule": "[1.0.0, )",
          "UnityEngine.SharedInternalsModule": "[1.0.0, )"
        }
      },
      "unityengine.animationmodule": {
        "type": "Project",
        "dependencies": {
          "UnityEngine.CoreModule": "[1.0.0, )",
          "UnityEngine.SharedInternalsModule": "[1.0.0, )"
        }
      },
      "unityengine.armodule": {
        "type": "Project",
        "dependencies": {
          "UnityEngine.CoreModule": "[1.0.0, )",
          "UnityEngine.SharedInternalsModule": "[1.0.0, )"
        }
      },
      "unityengine.assetbundlemodule": {
        "type": "Project",
        "dependencies": {
          "UnityEngine.CoreModule": "[1.0.0, )",
          "UnityEngine.SharedInternalsModule": "[1.0.0, )"
        }
      },
      "unityengine.audiomodule": {
        "type": "Project",
        "dependencies": {
          "UnityEngine.CoreModule": "[1.0.0, )",
          "UnityEngine.SharedInternalsModule": "[1.0.0, )"
        }
      },
      "unityengine.clothmodule": {
        "type": "Project",
        "dependencies": {
          "UnityEngine.CoreModule": "[1.0.0, )",
          "UnityEngine.PhysicsModule": "[1.0.0, )",
          "UnityEngine.SharedInternalsModule": "[1.0.0, )"
        }
      },
      "unityengine.clusterinputmodule": {
        "type": "Project",
        "dependencies": {
          "UnityEngine.CoreModule": "[1.0.0, )",
          "UnityEngine.SharedInternalsModule": "[1.0.0, )"
        }
      },
      "unityengine.clusterrenderermodule": {
        "type": "Project",
        "dependencies": {
          "UnityEngine.CoreModule": "[1.0.0, )",
          "UnityEngine.SharedInternalsModule": "[1.0.0, )"
        }
      },
      "unityengine.contentloadmodule": {
        "type": "Project",
        "dependencies": {
          "UnityEngine.CoreModule": "[1.0.0, )",
          "UnityEngine.SharedInternalsModule": "[1.0.0, )"
        }
      },
      "unityengine.coremodule": {
        "type": "Project",
        "dependencies": {
          "UnityEngine.SharedInternalsModule": "[1.0.0, )"
        }
      },
      "unityengine.crashreportingmodule": {
        "type": "Project",
        "dependencies": {
          "UnityEngine.CoreModule": "[1.0.0, )",
          "UnityEngine.SharedInternalsModule": "[1.0.0, )"
        }
      },
      "unityengine.directormodule": {
        "type": "Project",
        "dependencies": {
          "UnityEngine.CoreModule": "[1.0.0, )",
          "UnityEngine.SharedInternalsModule": "[1.0.0, )"
        }
      },
      "unityengine.dspgraphmodule": {
        "type": "Project",
        "dependencies": {
          "UnityEngine.AudioModule": "[1.0.0, )",
          "UnityEngine.CoreModule": "[1.0.0, )",
          "UnityEngine.SharedInternalsModule": "[1.0.0, )"
        }
      },
      "unityengine.gamecentermodule": {
        "type": "Project",
        "dependencies": {
          "UnityEngine.CoreModule": "[1.0.0, )",
          "UnityEngine.SharedInternalsModule": "[1.0.0, )"
        }
      },
      "unityengine.gridmodule": {
        "type": "Project",
        "dependencies": {
          "UnityEngine.CoreModule": "[1.0.0, )",
          "UnityEngine.SharedInternalsModule": "[1.0.0, )"
        }
      },
      "unityengine.hierarchycoremodule": {
        "type": "Project",
        "dependencies": {
          "UnityEngine.CoreModule": "[1.0.0, )",
          "UnityEngine.SharedInternalsModule": "[1.0.0, )"
        }
      },
      "unityengine.imageconversionmodule": {
        "type": "Project",
        "dependencies": {
          "UnityEngine.CoreModule": "[1.0.0, )",
          "UnityEngine.SharedInternalsModule": "[1.0.0, )"
        }
      },
      "unityengine.imguimodule": {
        "type": "Project",
        "dependencies": {
          "UnityEngine.CoreModule": "[1.0.0, )",
          "UnityEngine.InputLegacyModule": "[1.0.0, )",
          "UnityEngine.SharedInternalsModule": "[1.0.0, )",
          "UnityEngine.TextCoreTextEngineModule": "[1.0.0, )",
          "UnityEngine.TextRenderingModule": "[1.0.0, )"
        }
      },
      "unityengine.inputforuimodule": {
        "type": "Project",
        "dependencies": {
          "UnityEngine.CoreModule": "[1.0.0, )",
          "UnityEngine.IMGUIModule": "[1.0.0, )",
          "UnityEngine.InputLegacyModule": "[1.0.0, )",
          "UnityEngine.SharedInternalsModule": "[1.0.0, )"
        }
      },
      "unityengine.inputlegacymodule": {
        "type": "Project",
        "dependencies": {
          "UnityEngine.CoreModule": "[1.0.0, )",
          "UnityEngine.SharedInternalsModule": "[1.0.0, )"
        }
      },
      "unityengine.inputmodule": {
        "type": "Project",
        "dependencies": {
          "UnityEngine.CoreModule": "[1.0.0, )",
          "UnityEngine.SharedInternalsModule": "[1.0.0, )"
        }
      },
      "unityengine.jsonserializemodule": {
        "type": "Project",
        "dependencies": {
          "UnityEngine.CoreModule": "[1.0.0, )",
          "UnityEngine.SharedInternalsModule": "[1.0.0, )"
        }
      },
      "unityengine.localizationmodule": {
        "type": "Project",
        "dependencies": {
          "UnityEngine.CoreModule": "[1.0.0, )",
          "UnityEngine.SharedInternalsModule": "[1.0.0, )"
        }
      },
      "unityengine.marshallingmodule": {
        "type": "Project",
        "dependencies": {
          "UnityEngine.CoreModule": "[1.0.0, )",
          "UnityEngine.SharedInternalsModule": "[1.0.0, )"
        }
      },
      "unityengine.multiplayermodule": {
        "type": "Project",
        "dependencies": {
          "UnityEngine.CoreModule": "[1.0.0, )",
          "UnityEngine.SharedInternalsModule": "[1.0.0, )"
        }
      },
      "unityengine.nvidiamodule": {
        "type": "Project",
        "dependencies": {
          "UnityEngine.CoreModule": "[1.0.0, )",
          "UnityEngine.SharedInternalsModule": "[1.0.0, )"
        }
      },
      "unityengine.particlesystemmodule": {
        "type": "Project",
        "dependencies": {
          "UnityEngine.CoreModule": "[1.0.0, )",
          "UnityEngine.SharedInternalsModule": "[1.0.0, )"
        }
      },
      "unityengine.performancereportingmodule": {
        "type": "Project",
        "dependencies": {
          "UnityEngine.SharedInternalsModule": "[1.0.0, )"
        }
      },
      "unityengine.physics2dmodule": {
        "type": "Project",
        "dependencies": {
          "UnityEngine.CoreModule": "[1.0.0, )",
          "UnityEngine.SharedInternalsModule": "[1.0.0, )"
        }
      },
      "unityengine.physicsmodule": {
        "type": "Project",
        "dependencies": {
          "UnityEngine.CoreModule": "[1.0.0, )",
          "UnityEngine.SharedInternalsModule": "[1.0.0, )"
        }
      },
      "unityengine.propertiesmodule": {
        "type": "Project",
        "dependencies": {
          "UnityEngine.CoreModule": "[1.0.0, )",
          "UnityEngine.SharedInternalsModule": "[1.0.0, )"
        }
      },
      "unityengine.screencapturemodule": {
        "type": "Project",
        "dependencies": {
          "UnityEngine.CoreModule": "[1.0.0, )",
          "UnityEngine.SharedInternalsModule": "[1.0.0, )"
        }
      },
      "unityengine.sharedinternalsmodule": {
        "type": "Project"
      },
      "unityengine.spritemaskmodule": {
        "type": "Project",
        "dependencies": {
          "UnityEngine.CoreModule": "[1.0.0, )",
          "UnityEngine.SharedInternalsModule": "[1.0.0, )"
        }
      },
      "unityengine.spriteshapemodule": {
        "type": "Project",
        "dependencies": {
          "UnityEngine.CoreModule": "[1.0.0, )",
          "UnityEngine.SharedInternalsModule": "[1.0.0, )"
        }
      },
      "unityengine.streamingmodule": {
        "type": "Project",
        "dependencies": {
          "UnityEngine.CoreModule": "[1.0.0, )",
          "UnityEngine.SharedInternalsModule": "[1.0.0, )"
        }
      },
      "unityengine.subsystemsmodule": {
        "type": "Project",
        "dependencies": {
          "UnityEngine.CoreModule": "[1.0.0, )",
          "UnityEngine.SharedInternalsModule": "[1.0.0, )"
        }
      },
      "unityengine.terrainmodule": {
        "type": "Project",
        "dependencies": {
          "UnityEngine.CoreModule": "[1.0.0, )",
          "UnityEngine.SharedInternalsModule": "[1.0.0, )"
        }
      },
      "unityengine.terrainphysicsmodule": {
        "type": "Project",
        "dependencies": {
          "UnityEngine.CoreModule": "[1.0.0, )",
          "UnityEngine.PhysicsModule": "[1.0.0, )",
          "UnityEngine.SharedInternalsModule": "[1.0.0, )",
          "UnityEngine.TerrainModule": "[1.0.0, )"
        }
      },
      "unityengine.textcorefontenginemodule": {
        "type": "Project",
        "dependencies": {
          "UnityEngine.CoreModule": "[1.0.0, )",
          "UnityEngine.SharedInternalsModule": "[1.0.0, )",
          "UnityEngine.TextRenderingModule": "[1.0.0, )"
        }
      },
      "unityengine.textcoretextenginemodule": {
        "type": "Project",
        "dependencies": {
          "UnityEngine.CoreModule": "[1.0.0, )",
          "UnityEngine.SharedInternalsModule": "[1.0.0, )",
          "UnityEngine.TextCoreFontEngineModule": "[1.0.0, )",
          "UnityEngine.TextRenderingModule": "[1.0.0, )"
        }
      },
      "unityengine.textrenderingmodule": {
        "type": "Project",
        "dependencies": {
          "UnityEngine.CoreModule": "[1.0.0, )",
          "UnityEngine.SharedInternalsModule": "[1.0.0, )"
        }
      },
      "unityengine.tilemapmodule": {
        "type": "Project",
        "dependencies": {
          "UnityEngine.CoreModule": "[1.0.0, )",
          "UnityEngine.GridModule": "[1.0.0, )",
          "UnityEngine.Physics2DModule": "[1.0.0, )",
          "UnityEngine.SharedInternalsModule": "[1.0.0, )"
        }
      },
      "unityengine.tlsmodule": {
        "type": "Project",
        "dependencies": {
          "UnityEngine.SharedInternalsModule": "[1.0.0, )"
        }
      },
      "unityengine.ui": {
        "type": "Project",
        "dependencies": {
          "UnityEngine.AnimationModule": "[1.0.0, )",
          "UnityEngine.CoreModule": "[1.0.0, )",
          "UnityEngine.IMGUIModule": "[1.0.0, )",
          "UnityEngine.InputLegacyModule": "[1.0.0, )",
          "UnityEngine.Physics2DModule": "[1.0.0, )",
          "UnityEngine.PhysicsModule": "[1.0.0, )",
          "UnityEngine.SpriteShapeModule": "[1.0.0, )",
          "UnityEngine.TextRenderingModule": "[1.0.0, )",
          "UnityEngine.TilemapModule": "[1.0.0, )",
          "UnityEngine.UIElementsModule": "[1.0.0, )",
          "UnityEngine.UIModule": "[1.0.0, )"
        }
      },
      "unityengine.uielementsmodule": {
        "type": "Project",
        "dependencies": {
          "UnityEngine.CoreModule": "[1.0.0, )",
          "UnityEngine.HierarchyCoreModule": "[1.0.0, )",
          "UnityEngine.IMGUIModule": "[1.0.0, )",
          "UnityEngine.InputForUIModule": "[1.0.0, )",
          "UnityEngine.InputLegacyModule": "[1.0.0, )",
          "UnityEngine.JSONSerializeModule": "[1.0.0, )",
          "UnityEngine.PropertiesModule": "[1.0.0, )",
          "UnityEngine.SharedInternalsModule": "[1.0.0, )",
          "UnityEngine.TextCoreFontEngineModule": "[1.0.0, )",
          "UnityEngine.TextCoreTextEngineModule": "[1.0.0, )",
          "UnityEngine.TextRenderingModule": "[1.0.0, )",
          "UnityEngine.UIModule": "[1.0.0, )"
        }
      },
      "unityengine.uimodule": {
        "type": "Project",
        "dependencies": {
          "UnityEngine.CoreModule": "[1.0.0, )",
          "UnityEngine.SharedInternalsModule": "[1.0.0, )",
          "UnityEngine.TextRenderingModule": "[1.0.0, )"
        }
      },
      "unityengine.unityanalyticscommonmodule": {
        "type": "Project",
        "dependencies": {
          "UnityEngine.CoreModule": "[1.0.0, )",
          "UnityEngine.SharedInternalsModule": "[1.0.0, )"
        }
      },
      "unityengine.unityanalyticsmodule": {
        "type": "Project",
        "dependencies": {
          "UnityEngine.CoreModule": "[1.0.0, )",
          "UnityEngine.SharedInternalsModule": "[1.0.0, )",
          "UnityEngine.UnityAnalyticsCommonModule": "[1.0.0, )"
        }
      },
      "unityengine.unityconnectmodule": {
        "type": "Project",
        "dependencies": {
          "UnityEngine.CoreModule": "[1.0.0, )",
          "UnityEngine.SharedInternalsModule": "[1.0.0, )"
        }
      },
      "unityengine.unitycurlmodule": {
        "type": "Project",
        "dependencies": {
          "UnityEngine.SharedInternalsModule": "[1.0.0, )"
        }
      },
      "unityengine.unitywebrequestassetbundlemodule": {
        "type": "Project",
        "dependencies": {
          "UnityEngine.AssetBundleModule": "[1.0.0, )",
          "UnityEngine.CoreModule": "[1.0.0, )",
          "UnityEngine.SharedInternalsModule": "[1.0.0, )",
          "UnityEngine.UnityWebRequestModule": "[1.0.0, )"
        }
      },
      "unityengine.unitywebrequestaudiomodule": {
        "type": "Project",
        "dependencies": {
          "UnityEngine.AudioModule": "[1.0.0, )",
          "UnityEngine.CoreModule": "[1.0.0, )",
          "UnityEngine.SharedInternalsModule": "[1.0.0, )",
          "UnityEngine.UnityWebRequestModule": "[1.0.0, )"
        }
      },
      "unityengine.unitywebrequestmodule": {
        "type": "Project",
        "dependencies": {
          "UnityEngine.CoreModule": "[1.0.0, )",
          "UnityEngine.SharedInternalsModule": "[1.0.0, )"
        }
      },
      "unityengine.unitywebrequesttexturemodule": {
        "type": "Project",
        "dependencies": {
          "UnityEngine.CoreModule": "[1.0.0, )",
          "UnityEngine.SharedInternalsModule": "[1.0.0, )",
          "UnityEngine.UnityWebRequestModule": "[1.0.0, )"
        }
      },
      "unityengine.unitywebrequestwwwmodule": {
        "type": "Project",
        "dependencies": {
          "UnityEngine.AssetBundleModule": "[1.0.0, )",
          "UnityEngine.AudioModule": "[1.0.0, )",
          "UnityEngine.CoreModule": "[1.0.0, )",
          "UnityEngine.ImageConversionModule": "[1.0.0, )",
          "UnityEngine.SharedInternalsModule": "[1.0.0, )",
          "UnityEngine.UnityWebRequestAssetBundleModule": "[1.0.0, )",
          "UnityEngine.UnityWebRequestModule": "[1.0.0, )"
        }
      },
      "unityengine.vehiclesmodule": {
        "type": "Project",
        "dependencies": {
          "UnityEngine.CoreModule": "[1.0.0, )",
          "UnityEngine.PhysicsModule": "[1.0.0, )",
          "UnityEngine.SharedInternalsModule": "[1.0.0, )"
        }
      },
      "unityengine.vfxmodule": {
        "type": "Project",
        "dependencies": {
          "UnityEngine.CoreModule": "[1.0.0, )",
          "UnityEngine.SharedInternalsModule": "[1.0.0, )"
        }
      },
      "unityengine.videomodule": {
        "type": "Project",
        "dependencies": {
          "UnityEngine.AudioModule": "[1.0.0, )",
          "UnityEngine.CoreModule": "[1.0.0, )",
          "UnityEngine.SharedInternalsModule": "[1.0.0, )"
        }
      },
      "unityengine.virtualtexturingmodule": {
        "type": "Project",
        "dependencies": {
          "UnityEngine.CoreModule": "[1.0.0, )",
          "UnityEngine.SharedInternalsModule": "[1.0.0, )"
        }
      },
      "unityengine.vrmodule": {
        "type": "Project",
        "dependencies": {
          "UnityEngine.CoreModule": "[1.0.0, )",
          "UnityEngine.SharedInternalsModule": "[1.0.0, )"
        }
      },
      "unityengine.windmodule": {
        "type": "Project",
        "dependencies": {
          "UnityEngine.CoreModule": "[1.0.0, )",
          "UnityEngine.SharedInternalsModule": "[1.0.0, )"
        }
      },
      "unityengine.xrmodule": {
        "type": "Project",
        "dependencies": {
          "UnityEngine.CoreModule": "[1.0.0, )",
          "UnityEngine.PhysicsModule": "[1.0.0, )",
          "UnityEngine.SharedInternalsModule": "[1.0.0, )",
          "UnityEngine.SubsystemsModule": "[1.0.0, )"
        }
      },
      "xgamingruntime": {
        "type": "Project"
      }
    }
  }
}