<Solution>
  <Project Path="../BepInEx/0Harmony/0Harmony.csproj" />
  <Project Path="../BepInEx/0Harmony20/0Harmony20.csproj" />
  <Project Path="../BepInEx/BepInEx/BepInEx.csproj" />
  <Project Path="../BepInEx/BepInEx.Harmony/BepInEx.Harmony.csproj" />
  <Project Path="../BepInEx/BepInEx.Preloader/BepInEx.Preloader.csproj" />
  <Project Path="../BepInEx/HarmonyXInterop/HarmonyXInterop.csproj" />
  <Project Path="../BepInEx/Mono.Cecil/Mono.Cecil.csproj" />
  <Project Path="../BepInEx/Mono.Cecil.Mdb/Mono.Cecil.Mdb.csproj" />
  <Project Path="../BepInEx/Mono.Cecil.Pdb/Mono.Cecil.Pdb.csproj" />
  <Project Path="../BepInEx/Mono.Cecil.Rocks/Mono.Cecil.Rocks.csproj" />
  <Project Path="../BepInEx/MonoMod.RuntimeDetour/MonoMod.RuntimeDetour.csproj" />
  <Project Path="../BepInEx/MonoMod.Utils/MonoMod.Utils.csproj" />
  <Project Path="../Silksong/Accessibility/Accessibility.csproj" />
  <Project Path="../Silksong/Assembly-CSharp/Assembly-CSharp.csproj" />
  <Project Path="../Silksong/Assembly-CSharp-firstpass/Assembly-CSharp-firstpass.csproj" />
  <Project Path="../Silksong/Coffee.SoftMaskForUGUI/Coffee.SoftMaskForUGUI.csproj" />
  <Project Path="../Silksong/com.rlabrecque.steamworks.net/com.rlabrecque.steamworks.net.csproj" />
  <Project Path="../Silksong/ConditionalExpression/ConditionalExpression.csproj" />
  <Project Path="../Silksong/GalaxyCSharp/GalaxyCSharp.csproj" />
  <Project Path="../Silksong/Mono.Posix/Mono.Posix.csproj" />
  <Project Path="../Silksong/Mono.Security/Mono.Security.csproj" />
  <Project Path="../Silksong/Mono.WebBrowser/Mono.WebBrowser.csproj" />
  <Project Path="../Silksong/mscorlib/mscorlib.csproj" />
  <Project Path="../Silksong/netstandard/netstandard.csproj" />
  <Project Path="../Silksong/Newtonsoft.Json/Newtonsoft.Json.csproj" />
  <Project Path="../Silksong/Newtonsoft.Json.UnityConverters/Newtonsoft.Json.UnityConverters.csproj" />
  <Project Path="../Silksong/Newtonsoft.Json.UnityConverters.Addressables/Newtonsoft.Json.UnityConverters.Addressables.csproj" />
  <Project Path="../Silksong/Newtonsoft.Json.UnityConverters.Mathematics/Newtonsoft.Json.UnityConverters.Mathematics.csproj" />
  <Project Path="../Silksong/PlayMaker/PlayMaker.csproj" />
  <Project Path="../Silksong/SharpDX/SharpDX.csproj" />
  <Project Path="../Silksong/SharpDX.DirectInput/SharpDX.DirectInput.csproj" />
  <Project Path="../Silksong/TeamCherry.BuildBot/TeamCherry.BuildBot.csproj" />
  <Project Path="../Silksong/TeamCherry.Cinematics/TeamCherry.Cinematics.csproj" />
  <Project Path="../Silksong/TeamCherry.Localization/TeamCherry.Localization.csproj" />
  <Project Path="../Silksong/TeamCherry.NestedFadeGroup/TeamCherry.NestedFadeGroup.csproj" />
  <Project Path="../Silksong/TeamCherry.SharedUtils/TeamCherry.SharedUtils.csproj" />
  <Project Path="../Silksong/TeamCherry.Splines/TeamCherry.Splines.csproj" />
  <Project Path="../Silksong/TeamCherry.TK2D/TeamCherry.TK2D.csproj" />
  <Project Path="../Silksong/Unity.Addressables/Unity.Addressables.csproj" />
  <Project Path="../Silksong/Unity.Burst/Unity.Burst.csproj" />
  <Project Path="../Silksong/Unity.Burst.Unsafe/Unity.Burst.Unsafe.csproj" />
  <Project Path="../Silksong/Unity.Collections.LowLevel.ILSupport/Unity.Collections.LowLevel.ILSupport.csproj" />
  <Project Path="../Silksong/Unity.InputSystem/Unity.InputSystem.csproj" />
  <Project Path="../Silksong/Unity.Mathematics/Unity.Mathematics.csproj" />
  <Project Path="../Silksong/Unity.Profiling.Core/Unity.Profiling.Core.csproj" />
  <Project Path="../Silksong/Unity.ResourceManager/Unity.ResourceManager.csproj" />
  <Project Path="../Silksong/UnityEngine/UnityEngine.csproj" />
  <Project Path="../Silksong/UnityEngine.AccessibilityModule/UnityEngine.AccessibilityModule.csproj" />
  <Project Path="../Silksong/UnityEngine.AIModule/UnityEngine.AIModule.csproj" />
  <Project Path="../Silksong/UnityEngine.AMDModule/UnityEngine.AMDModule.csproj" />
  <Project Path="../Silksong/UnityEngine.AndroidJNIModule/UnityEngine.AndroidJNIModule.csproj" />
  <Project Path="../Silksong/UnityEngine.AnimationModule/UnityEngine.AnimationModule.csproj" />
  <Project Path="../Silksong/UnityEngine.ARModule/UnityEngine.ARModule.csproj" />
  <Project Path="../Silksong/UnityEngine.AssetBundleModule/UnityEngine.AssetBundleModule.csproj" />
  <Project Path="../Silksong/UnityEngine.AudioModule/UnityEngine.AudioModule.csproj" />
  <Project Path="../Silksong/UnityEngine.ClothModule/UnityEngine.ClothModule.csproj" />
  <Project Path="../Silksong/UnityEngine.ClusterInputModule/UnityEngine.ClusterInputModule.csproj" />
  <Project Path="../Silksong/UnityEngine.ClusterRendererModule/UnityEngine.ClusterRendererModule.csproj" />
  <Project Path="../Silksong/UnityEngine.ContentLoadModule/UnityEngine.ContentLoadModule.csproj" />
  <Project Path="../Silksong/UnityEngine.CoreModule/UnityEngine.CoreModule.csproj" />
  <Project Path="../Silksong/UnityEngine.CrashReportingModule/UnityEngine.CrashReportingModule.csproj" />
  <Project Path="../Silksong/UnityEngine.DirectorModule/UnityEngine.DirectorModule.csproj" />
  <Project Path="../Silksong/UnityEngine.DSPGraphModule/UnityEngine.DSPGraphModule.csproj" />
  <Project Path="../Silksong/UnityEngine.GameCenterModule/UnityEngine.GameCenterModule.csproj" />
  <Project Path="../Silksong/UnityEngine.GridModule/UnityEngine.GridModule.csproj" />
  <Project Path="../Silksong/UnityEngine.HierarchyCoreModule/UnityEngine.HierarchyCoreModule.csproj" />
  <Project Path="../Silksong/UnityEngine.ImageConversionModule/UnityEngine.ImageConversionModule.csproj" />
  <Project Path="../Silksong/UnityEngine.IMGUIModule/UnityEngine.IMGUIModule.csproj" />
  <Project Path="../Silksong/UnityEngine.InputForUIModule/UnityEngine.InputForUIModule.csproj" />
  <Project Path="../Silksong/UnityEngine.InputLegacyModule/UnityEngine.InputLegacyModule.csproj" />
  <Project Path="../Silksong/UnityEngine.InputModule/UnityEngine.InputModule.csproj" />
  <Project Path="../Silksong/UnityEngine.JSONSerializeModule/UnityEngine.JSONSerializeModule.csproj" />
  <Project Path="../Silksong/UnityEngine.LocalizationModule/UnityEngine.LocalizationModule.csproj" />
  <Project Path="../Silksong/UnityEngine.MarshallingModule/UnityEngine.MarshallingModule.csproj" />
  <Project Path="../Silksong/UnityEngine.MultiplayerModule/UnityEngine.MultiplayerModule.csproj" />
  <Project Path="../Silksong/UnityEngine.NVIDIAModule/UnityEngine.NVIDIAModule.csproj" />
  <Project Path="../Silksong/UnityEngine.ParticleSystemModule/UnityEngine.ParticleSystemModule.csproj" />
  <Project Path="../Silksong/UnityEngine.PerformanceReportingModule/UnityEngine.PerformanceReportingModule.csproj" />
  <Project Path="../Silksong/UnityEngine.Physics2DModule/UnityEngine.Physics2DModule.csproj" />
  <Project Path="../Silksong/UnityEngine.PhysicsModule/UnityEngine.PhysicsModule.csproj" />
  <Project Path="../Silksong/UnityEngine.PropertiesModule/UnityEngine.PropertiesModule.csproj" />
  <Project Path="../Silksong/UnityEngine.ScreenCaptureModule/UnityEngine.ScreenCaptureModule.csproj" />
  <Project Path="../Silksong/UnityEngine.SharedInternalsModule/UnityEngine.SharedInternalsModule.csproj" />
  <Project Path="../Silksong/UnityEngine.SpriteMaskModule/UnityEngine.SpriteMaskModule.csproj" />
  <Project Path="../Silksong/UnityEngine.SpriteShapeModule/UnityEngine.SpriteShapeModule.csproj" />
  <Project Path="../Silksong/UnityEngine.StreamingModule/UnityEngine.StreamingModule.csproj" />
  <Project Path="../Silksong/UnityEngine.SubsystemsModule/UnityEngine.SubsystemsModule.csproj" />
  <Project Path="../Silksong/UnityEngine.TerrainModule/UnityEngine.TerrainModule.csproj" />
  <Project Path="../Silksong/UnityEngine.TerrainPhysicsModule/UnityEngine.TerrainPhysicsModule.csproj" />
  <Project Path="../Silksong/UnityEngine.TextCoreFontEngineModule/UnityEngine.TextCoreFontEngineModule.csproj" />
  <Project Path="../Silksong/UnityEngine.TextCoreTextEngineModule/UnityEngine.TextCoreTextEngineModule.csproj" />
  <Project Path="../Silksong/UnityEngine.TextRenderingModule/UnityEngine.TextRenderingModule.csproj" />
  <Project Path="../Silksong/UnityEngine.TilemapModule/UnityEngine.TilemapModule.csproj" />
  <Project Path="../Silksong/UnityEngine.TLSModule/UnityEngine.TLSModule.csproj" />
  <Project Path="../Silksong/UnityEngine.UI/UnityEngine.UI.csproj" />
  <Project Path="../Silksong/UnityEngine.UIElementsModule/UnityEngine.UIElementsModule.csproj" />
  <Project Path="../Silksong/UnityEngine.UIModule/UnityEngine.UIModule.csproj" />
  <Project Path="../Silksong/UnityEngine.UnityAnalyticsCommonModule/UnityEngine.UnityAnalyticsCommonModule.csproj" />
  <Project Path="../Silksong/UnityEngine.UnityAnalyticsModule/UnityEngine.UnityAnalyticsModule.csproj" />
  <Project Path="../Silksong/UnityEngine.UnityConnectModule/UnityEngine.UnityConnectModule.csproj" />
  <Project Path="../Silksong/UnityEngine.UnityCurlModule/UnityEngine.UnityCurlModule.csproj" />
  <Project Path="../Silksong/UnityEngine.UnityWebRequestAssetBundleModule/UnityEngine.UnityWebRequestAssetBundleModule.csproj" />
  <Project Path="../Silksong/UnityEngine.UnityWebRequestAudioModule/UnityEngine.UnityWebRequestAudioModule.csproj" />
  <Project Path="../Silksong/UnityEngine.UnityWebRequestModule/UnityEngine.UnityWebRequestModule.csproj" />
  <Project Path="../Silksong/UnityEngine.UnityWebRequestTextureModule/UnityEngine.UnityWebRequestTextureModule.csproj" />
  <Project Path="../Silksong/UnityEngine.UnityWebRequestWWWModule/UnityEngine.UnityWebRequestWWWModule.csproj" />
  <Project Path="../Silksong/UnityEngine.VehiclesModule/UnityEngine.VehiclesModule.csproj" />
  <Project Path="../Silksong/UnityEngine.VFXModule/UnityEngine.VFXModule.csproj" />
  <Project Path="../Silksong/UnityEngine.VideoModule/UnityEngine.VideoModule.csproj" />
  <Project Path="../Silksong/UnityEngine.VirtualTexturingModule/UnityEngine.VirtualTexturingModule.csproj" />
  <Project Path="../Silksong/UnityEngine.VRModule/UnityEngine.VRModule.csproj" />
  <Project Path="../Silksong/UnityEngine.WindModule/UnityEngine.WindModule.csproj" />
  <Project Path="../Silksong/UnityEngine.XRModule/UnityEngine.XRModule.csproj" />
  <Project Path="../Silksong/XGamingRuntime/XGamingRuntime.csproj" />
  <Project Path="SaveFileManager.csproj" />
</Solution>
